
Microsoft Visual Studio Solution File, Format Version 12.00
# Visual Studio Version 17
VisualStudioVersion = 17.14.36915.13 d17.14
MinimumVisualStudioVersion = 10.0.40219.1
Project("{FAE04EC0-301F-11D3-BF4B-00C04F79EFBC}") = "Lab1.Console", "Lab1\Lab1.Console.csproj", "{CF155BD4-E9D9-47EB-9FFF-09D8C0A7DB54}"
EndProject
Project("{FAE04EC0-301F-11D3-BF4B-00C04F79EFBC}") = "Lab1.Library", "Lab1.Library\Lab1.Library.csproj", "{2100A45F-8CF8-49A5-96BB-840CCF61E9D4}"
EndProject
Global
	GlobalSection(SolutionConfigurationPlatforms) = preSolution
		Debug|Any CPU = Debug|Any CPU
		Release|Any CPU = Release|Any CPU
	EndGlobalSection
	GlobalSection(ProjectConfigurationPlatforms) = postSolution
		{CF155BD4-E9D9-47EB-9FFF-09D8C0A7DB54}.Debug|Any CPU.ActiveCfg = Debug|Any CPU
		{CF155BD4-E9D9-47EB-9FFF-09D8C0A7DB54}.Debug|Any CPU.Build.0 = Debug|Any CPU
		{CF155BD4-E9D9-47EB-9FFF-09D8C0A7DB54}.Release|Any CPU.ActiveCfg = Release|Any CPU
		{CF155BD4-E9D9-47EB-9FFF-09D8C0A7DB54}.Release|Any CPU.Build.0 = Release|Any CPU
		{2100A45F-8CF8-49A5-96BB-840CCF61E9D4}.Debug|Any CPU.ActiveCfg = Debug|Any CPU
		{2100A45F-8CF8-49A5-96BB-840CCF61E9D4}.Debug|Any CPU.Build.0 = Debug|Any CPU
		{2100A45F-8CF8-49A5-96BB-840CCF61E9D4}.Release|Any CPU.ActiveCfg = Release|Any CPU
		{2100A45F-8CF8-49A5-96BB-840CCF61E9D4}.Release|Any CPU.Build.0 = Release|Any CPU
	EndGlobalSection
	GlobalSection(SolutionProperties) = preSolution
		HideSolutionNode = FALSE
	EndGlobalSection
	GlobalSection(ExtensibilityGlobals) = postSolution
		SolutionGuid = {60F49EB4-DD96-4AC1-B648-5A190BCC32AD}
	EndGlobalSection
EndGlobal
